# THIS IS AN AUTOGENERATED FILE. DO NOT EDIT THIS FILE DIRECTLY.
# yarn lockfile v1


bootstrap-datepicker@^1.8.0:
  version "1.8.0"
  resolved "https://registry.yarnpkg.com/bootstrap-datepicker/-/bootstrap-datepicker-1.8.0.tgz#c63513931e6f09f16ae9f11b62f32d950df3958e"
  dependencies:
    jquery ">=1.7.1 <4.0.0"

bootstrap@^4.2.1:
  version "4.2.1"
  resolved "https://registry.yarnpkg.com/bootstrap/-/bootstrap-4.2.1.tgz#8f8bdca024dbf0e8644da32e918c8a03a90a5757"

"jquery@>=1.7.1 <4.0.0":
  version "3.3.1"
  resolved "https://registry.yarnpkg.com/jquery/-/jquery-3.3.1.tgz#958ce29e81c9790f31be7792df5d4d95fc57fbca"
